
Microsoft Visual Studio Solution File, Format Version 12.00
# Visual Studio Version 16
VisualStudioVersion = 16.0.29123.88
MinimumVisualStudioVersion = 10.0.40219.1
Project("{FAE04EC0-301F-11D3-BF4B-00C04F79EFBC}") = "gcBonus16", "gcBonus16\gcBonus16.csproj", "{1DED2C1D-2CE8-45F2-8CB5-FFAEC0EB8904}"
EndProject
Global
	GlobalSection(SolutionConfigurationPlatforms) = preSolution
		Debug|Any CPU = Debug|Any CPU
		Release|Any CPU = Release|Any CPU
	EndGlobalSection
	GlobalSection(ProjectConfigurationPlatforms) = postSolution
		{1DED2C1D-2CE8-45F2-8CB5-FFAEC0EB8904}.Debug|Any CPU.ActiveCfg = Debug|Any CPU
		{1DED2C1D-2CE8-45F2-8CB5-FFAEC0EB8904}.Debug|Any CPU.Build.0 = Debug|Any CPU
		{1DED2C1D-2CE8-45F2-8CB5-FFAEC0EB8904}.Release|Any CPU.ActiveCfg = Release|Any CPU
		{1DED2C1D-2CE8-45F2-8CB5-FFAEC0EB8904}.Release|Any CPU.Build.0 = Release|Any CPU
	EndGlobalSection
	GlobalSection(SolutionProperties) = preSolution
		HideSolutionNode = FALSE
	EndGlobalSection
	GlobalSection(ExtensibilityGlobals) = postSolution
		SolutionGuid = {4D7448BF-1720-4B31-B502-F6CE0ED2CD2F}
	EndGlobalSection
EndGlobal
